
Microsoft Visual Studio Solution File, Format Version 12.00
# Visual Studio Version 17
VisualStudioVersion = 17.8.34330.188
MinimumVisualStudioVersion = 10.0.40219.1
Project("{FAE04EC0-301F-11D3-BF4B-00C04F79EFBC}") = "RG-Movie_Website", "RG-Movie_Website\RG-Movie_Website.csproj", "{FEBFDF11-8154-443F-92BF-D4FA95499EAE}"
EndProject
Global
	GlobalSection(SolutionConfigurationPlatforms) = preSolution
		Debug|Any CPU = Debug|Any CPU
		Release|Any CPU = Release|Any CPU
	EndGlobalSection
	GlobalSection(ProjectConfigurationPlatforms) = postSolution
		{FEBFDF11-8154-443F-92BF-D4FA95499EAE}.Debug|Any CPU.ActiveCfg = Debug|Any CPU
		{FEBFDF11-8154-443F-92BF-D4FA95499EAE}.Debug|Any CPU.Build.0 = Debug|Any CPU
		{FEBFDF11-8154-443F-92BF-D4FA95499EAE}.Release|Any CPU.ActiveCfg = Release|Any CPU
		{FEBFDF11-8154-443F-92BF-D4FA95499EAE}.Release|Any CPU.Build.0 = Release|Any CPU
	EndGlobalSection
	GlobalSection(SolutionProperties) = preSolution
		HideSolutionNode = FALSE
	EndGlobalSection
	GlobalSection(ExtensibilityGlobals) = postSolution
		SolutionGuid = {8A1FC07F-071C-4309-8DB7-3FAC4915C39D}
	EndGlobalSection
EndGlobal
